<?xml version="1.0" encoding="utf-8"?>
<Project ToolsVersion="4.0" xmlns="http://schemas.microsoft.com/developer/msbuild/2003">
  <ItemGroup>
    <ClCompile Include="Chuong1\baitap1.3\bai2.cpp" />
    <ClCompile Include="Chuong1\baitap1.3\bai3.cpp" />
    <ClCompile Include="Chuong1\baitap1.3\bai4.cpp" />
    <ClCompile Include="Chuong1\baitap1.3\baitap1.cpp" />
    <ClCompile Include="LTDT\PrePostTime.cpp" />
    <ClCompile Include="LTDT\ThuatToanKruskal.cpp" />
    <ClCompile Include="LTDT\ThuatToanPrime.cpp" />
    <ClCompile Include="LTNC\1.cpp" />
    <ClCompile Include="LTNC\2.cpp" />
    <ClCompile Include="LTNC\3.cpp" />
    <ClCompile Include="LTNC\7.cpp" />
    <ClCompile Include="LTNC\8.cpp" />
    <ClCompile Include="LTNC\9.cpp" />
    <ClCompile Include="LTNC\10.cpp" />
    <ClCompile Include="LTNC\11.cpp" />
    <ClCompile Include="LTNC\12.cpp" />
    <ClCompile Include="LTNC\13.cpp" />
    <ClCompile Include="LTNC\612.cpp" />
    <ClCompile Include="LTNC\b1buoi2.cpp" />
    <ClCompile Include="LTNC\b2buoi2.cpp" />
    <ClCompile Include="LTNC\b3buoi3.cpp" />
    <ClCompile Include="LTNC\bai4buoi2.cpp" />
    <ClCompile Include="LTNC\Dathuc.cpp" />
    <ClCompile Include="LTNC\eNKay_03.cpp" />
    <ClCompile Include="LTNC\eNKay_08.cpp" />
    <ClCompile Include="LTNC\final01.cpp" />
    <ClCompile Include="LTNC\FSTREAM.CPP" />
    <ClCompile Include="LTNC\OCSE.cpp" />
    <ClCompile Include="LTNC\ONTAP.cpp" />
    <ClCompile Include="LTNC\ROBOT.cpp" />
    <ClCompile Include="LTNC\ROBOT2.CPP" />
    <ClCompile Include="LTNC\SV1.cpp" />
    <ClCompile Include="LTNC\Taoemailsv.cpp" />
    <ClCompile Include="GoLaiToanBoBangUpCoder\LapTrinhNangCao\QuaTaiToanTu\DATHUC.cpp" />
    <ClCompile Include="GoLaiToanBoBangUpCoder\LapTrinhNangCao\QuaTaiToanTu\DTHANG.cpp" />
    <ClCompile Include="GoLaiToanBoBangUpCoder\LapTrinhNangCao\QuaTaiToanTu\PhanSo2.cpp" />
    <ClCompile Include="GoLaiToanBoBangUpCoder\LapTrinhNangCao\QuaTaiToanTu\PSOHONSO.cpp" />
    <ClCompile Include="GoLaiToanBoBangUpCoder\LapTrinhNangCao\QuaTaiToanTu\QTaiMang.cpp" />
    <ClCompile Include="GoLaiToanBoBangUpCoder\LapTrinhNangCao\QuaTaiToanTu\QTaiMang2.cpp" />
    <ClCompile Include="GoLaiToanBoBangUpCoder\LapTrinhNangCao\QuaTaiToanTu\QTaiPSo.cpp" />
    <ClCompile Include="GoLaiToanBoBangUpCoder\LapTrinhNangCao\QuaTaiToanTu\SOCHANLE.cpp" />
    <ClCompile Include="GoLaiToanBoBangUpCoder\LapTrinhNangCao\QuaTaiToanTu\TGIAC.cpp" />
    <ClCompile Include="GoLaiToanBoBangUpCoder\LapTrinhNangCao\QuaTaiToanTu\XUATDIEM.cpp" />
    <ClCompile Include="LTHDT\1.cpp" />
    <ClCompile Include="LTHDT\2.cpp" />
    <ClCompile Include="LTHDT\3.cpp" />
    <ClCompile Include="LTHDT\4.cpp" />
    <ClCompile Include="LTHDT\HCN.cpp" />
    <ClCompile Include="LTHDT\HCNHV.cpp" />
    <ClCompile Include="LTHDT\LOPSV.cpp" />
    <ClCompile Include="LTHDT\LTHDT_HonSo1.cpp" />
    <ClCompile Include="LTHDT\LTHDT_HonSo2.cpp" />
    <ClCompile Include="LTHDT\ROBOT4.cpp" />
    <ClCompile Include="LuuCodeRacHaha\[LTNC]Final01.cpp" />
    <ClCompile Include="LuuCodeRacHaha\3.cpp" />
    <ClCompile Include="LuuCodeRacHaha\4.cpp" />
    <ClCompile Include="LuuCodeRacHaha\612.cpp" />
    <ClCompile Include="LuuCodeRacHaha\1718_2_LTHDT_Midterm_02.cpp" />
    <ClCompile Include="LuuCodeRacHaha\A_Plus_B.cpp" />
    <ClCompile Include="LuuCodeRacHaha\AMDUONG.cpp" />
    <ClCompile Include="LuuCodeRacHaha\ARMSTRONG_1.cpp" />
    <ClCompile Include="LuuCodeRacHaha\ARMSTRONG_2.cpp" />
    <ClCompile Include="LuuCodeRacHaha\BaiTapBuoi6.cpp" />
    <ClCompile Include="LuuCodeRacHaha\baitapbuoi8.cpp" />
    <ClCompile Include="LuuCodeRacHaha\baitapbuoi11.cpp" />
    <ClCompile Include="LuuCodeRacHaha\BaiTapKiemTraLopC.cpp" />
    <ClCompile Include="LuuCodeRacHaha\BaiTapTrongLop.cpp" />
    <ClCompile Include="LuuCodeRacHaha\Baitaptronglop1.cpp" />
    <ClCompile Include="LuuCodeRacHaha\banhvaha.cpp" />
    <ClCompile Include="LuuCodeRacHaha\banhvaha0.cpp" />
    <ClCompile Include="LuuCodeRacHaha\banhvaha2.cpp" />
    <ClCompile Include="LuuCodeRacHaha\banhvaha5.cpp" />
    <ClCompile Include="LuuCodeRacHaha\banhvaha6.cpp" />
    <ClCompile Include="LuuCodeRacHaha\banhvaha7.cpp" />
    <ClCompile Include="LuuCodeRacHaha\banhvahasqrt(2).cpp" />
    <ClCompile Include="LuuCodeRacHaha\BOBA.cpp" />
    <ClCompile Include="LuuCodeRacHaha\CATALAN.cpp" />
    <ClCompile Include="LuuCodeRacHaha\CHANLE.cpp" />
    <ClCompile Include="LuuCodeRacHaha\CN_CoutNumber.cpp" />
    <ClCompile Include="LuuCodeRacHaha\CODEREXP.cpp" />
    <ClCompile Include="LuuCodeRacHaha\COUNTNUMBER.cpp" />
    <ClCompile Include="LuuCodeRacHaha\CUUCHUONG.cpp" />
    <ClCompile Include="LuuCodeRacHaha\DAHINH1.cpp" />
    <ClCompile Include="LuuCodeRacHaha\DAOHAM.cpp" />
    <ClCompile Include="LuuCodeRacHaha\DAONGUOC.cpp" />
    <ClCompile Include="LuuCodeRacHaha\DAONGUOC1.cpp" />
    <ClCompile Include="LuuCodeRacHaha\DAONGUOC2.cpp" />
    <ClCompile Include="LuuCodeRacHaha\DAONGUOC3.cpp" />
    <ClCompile Include="LuuCodeRacHaha\DATE.cpp" />
    <ClCompile Include="LuuCodeRacHaha\DATHUC.cpp" />
    <ClCompile Include="LuuCodeRacHaha\DAYDEP1.cpp" />
    <ClCompile Include="LuuCodeRacHaha\DAYDEP2.cpp" />
    <ClCompile Include="LuuCodeRacHaha\DAYNP.cpp" />
    <ClCompile Include="LuuCodeRacHaha\DAYSO.cpp" />
    <ClCompile Include="LuuCodeRacHaha\demphantukhactrongmang.cpp" />
    <ClCompile Include="LuuCodeRacHaha\DemSo0TanCungGiaiThua.cpp" />
    <ClCompile Include="LuuCodeRacHaha\DEQUY1.cpp" />
    <ClCompile Include="LuuCodeRacHaha\DOICS10_2.cpp" />
    <ClCompile Include="LuuCodeRacHaha\DOIXUNG.cpp" />
    <ClCompile Include="LuuCodeRacHaha\DTHANG_chuaxong.cpp" />
    <ClCompile Include="LuuCodeRacHaha\DTRON.cpp" />
    <ClCompile Include="LuuCodeRacHaha\eNKay_08.cpp" />
    <ClCompile Include="LuuCodeRacHaha\exam.cpp" />
    <ClCompile Include="LuuCodeRacHaha\FSTREAM1.cpp" />
    <ClCompile Include="LuuCodeRacHaha\fstream2.cpp" />
    <ClCompile Include="LuuCodeRacHaha\GHEPSO.cpp" />
    <ClCompile Include="LuuCodeRacHaha\GiaiBaiTap.cpp" />
    <ClCompile Include="LuuCodeRacHaha\GIAIPT.cpp" />
    <ClCompile Include="LuuCodeRacHaha\GIAIPTBAC1.cpp" />
    <ClCompile Include="LuuCodeRacHaha\GIO_PHUT_GIAY.cpp" />
    <ClCompile Include="LuuCodeRacHaha\GTTT.cpp" />
    <ClCompile Include="LuuCodeRacHaha\HAUTO.cpp" />
    <ClCompile Include="LuuCodeRacHaha\HCN.cpp" />
    <ClCompile Include="LuuCodeRacHaha\HCNHV.cpp" />
    <ClCompile Include="LuuCodeRacHaha\HPalindrome.cpp" />
    <ClCompile Include="LuuCodeRacHaha\INAN.cpp" />
    <ClCompile Include="LuuCodeRacHaha\IQ.cpp" />
    <ClCompile Include="LuuCodeRacHaha\KHTN_1.cpp" />
    <ClCompile Include="LuuCodeRacHaha\KhuonHinh3.cpp" />
    <ClCompile Include="LuuCodeRacHaha\KhuonHinhSS.cpp" />
    <ClCompile Include="LuuCodeRacHaha\KhuonHinhTong.cpp" />
    <ClCompile Include="LuuCodeRacHaha\kiemtrasoconamtrongmangkhong.cpp" />
    <ClCompile Include="LuuCodeRacHaha\KiemTraSoHoanHao.cpp" />
    <ClCompile Include="LuuCodeRacHaha\KiemTraSoNguyenTo.cpp" />
    <ClCompile Include="LuuCodeRacHaha\KiemTraSoSieuNguyenTo.cpp" />
    <ClCompile Include="LuuCodeRacHaha\kytucosolanxuathiennhieunhat.cpp" />
    <ClCompile Include="LuuCodeRacHaha\LASTNUM.cpp" />
    <ClCompile Include="LuuCodeRacHaha\lietkesocotrongmang1makhongcotrong2.cpp" />
    <ClCompile Include="LuuCodeRacHaha\LOP1.2.PHANSO.cpp" />
    <ClCompile Include="LuuCodeRacHaha\LOP1.3.PhanSo.cpp" />
    <ClCompile Include="LuuCodeRacHaha\LOPMANGSV.cpp" />
    <ClCompile Include="LuuCodeRacHaha\LOPSV.cpp" />
    <ClCompile Include="LuuCodeRacHaha\LOPSV2.cpp" />
    <ClCompile Include="LuuCodeRacHaha\LTHDT_HonSo1.cpp" />
    <ClCompile Include="LuuCodeRacHaha\LTHDT_HonSo2.cpp" />
    <ClCompile Include="LuuCodeRacHaha\luudan.cpp" />
    <ClCompile Include="LuuCodeRacHaha\MangCanBan1.cpp" />
    <ClCompile Include="LuuCodeRacHaha\MangCanBan2.cpp" />
    <ClCompile Include="LuuCodeRacHaha\MangCanBan3.cpp" />
    <ClCompile Include="LuuCodeRacHaha\MangCanBan4.cpp" />
    <ClCompile Include="LuuCodeRacHaha\MangCoBan5.cpp" />
    <ClCompile Include="LuuCodeRacHaha\mangcs1.cpp" />
    <ClCompile Include="LuuCodeRacHaha\Mangcs2.cpp" />
    <ClCompile Include="LuuCodeRacHaha\mangcs6.cpp" />
    <ClCompile Include="LuuCodeRacHaha\mangcs7.cpp" />
    <ClCompile Include="LuuCodeRacHaha\MATRAN.cpp" />
    <ClCompile Include="LuuCodeRacHaha\MATRAN1.cpp" />
    <ClCompile Include="LuuCodeRacHaha\MAX2SO.cpp" />
    <ClCompile Include="LuuCodeRacHaha\MAX3SO.cpp" />
    <ClCompile Include="LuuCodeRacHaha\MAXHCN1.cpp" />
    <ClCompile Include="LuuCodeRacHaha\MAXMIN.cpp" />
    <ClCompile Include="LuuCodeRacHaha\MINIGAME2_CHAYBO.cpp" />
    <ClCompile Include="LuuCodeRacHaha\MINIGAME7_RANK.cpp" />
    <ClCompile Include="LuuCodeRacHaha\MINIGAME14.1_GIAODIEM.cpp" />
    <ClCompile Include="LuuCodeRacHaha\MINIGAME16.1_ PTBAC2.cpp" />
    <ClCompile Include="LuuCodeRacHaha\MINIGAME22.1_CUPS.cpp" />
    <ClCompile Include="LuuCodeRacHaha\MINIGAME23.1_ NEXTROUND.cpp" />
    <ClCompile Include="LuuCodeRacHaha\n!.cpp" />
    <ClCompile Include="LuuCodeRacHaha\NGAY_THANG_NAM.cpp" />
    <ClCompile Include="LuuCodeRacHaha\NGOACDUNG.cpp" />
    <ClCompile Include="LuuCodeRacHaha\NGOISAO1.cpp" />
    <ClCompile Include="LuuCodeRacHaha\NGOISAO2.cpp" />
    <ClCompile Include="LuuCodeRacHaha\NGOISAO3.cpp" />
    <ClCompile Include="LuuCodeRacHaha\NGOISAO4.cpp" />
    <ClCompile Include="LuuCodeRacHaha\NGOISAO5.cpp" />
    <ClCompile Include="LuuCodeRacHaha\NGOISAO6.cpp" />
    <ClCompile Include="LuuCodeRacHaha\NHAPXUAT4.cpp" />
    <ClCompile Include="LuuCodeRacHaha\NHAPXUAT5.cpp" />
    <ClCompile Include="LuuCodeRacHaha\NHAPXUAT8.cpp" />
    <ClCompile Include="LuuCodeRacHaha\NHAPXUAT8A.cpp" />
    <ClCompile Include="LuuCodeRacHaha\NHAPXUAT9.cpp" />
    <ClCompile Include="LuuCodeRacHaha\NUMBCOUNT.cpp" />
    <ClCompile Include="LuuCodeRacHaha\ONTAP.cpp" />
    <ClCompile Include="LuuCodeRacHaha\OnTapCodeFull.cpp" />
    <ClCompile Include="LuuCodeRacHaha\OOP_NDTN_ExA3.cpp" />
    <ClCompile Include="LuuCodeRacHaha\OOP_NDTN_ExB3.cpp" />
    <ClCompile Include="LuuCodeRacHaha\PAS.cpp" />
    <ClCompile Include="LuuCodeRacHaha\PhanSo1.cpp" />
    <ClCompile Include="LuuCodeRacHaha\PhanSo2.cpp" />
    <ClCompile Include="LuuCodeRacHaha\PHEPTOAN.cpp" />
    <ClCompile Include="LuuCodeRacHaha\PrimeFactor.cpp" />
    <ClCompile Include="LuuCodeRacHaha\PSOHONSO.cpp" />
    <ClCompile Include="LuuCodeRacHaha\QLINTERNET.cpp" />
    <ClCompile Include="LuuCodeRacHaha\QTaiMang.cpp" />
    <ClCompile Include="LuuCodeRacHaha\QTaiMang2.cpp" />
    <ClCompile Include="LuuCodeRacHaha\QTaiPSo.cpp" />
    <ClCompile Include="LuuCodeRacHaha\queue.cpp" />
    <ClCompile Include="LuuCodeRacHaha\QUEUE1.cpp" />
    <ClCompile Include="LuuCodeRacHaha\RENHANH1.cpp" />
    <ClCompile Include="LuuCodeRacHaha\RENHANHTDN_I.cpp" />
    <ClCompile Include="LuuCodeRacHaha\RutTien.cpp" />
    <ClCompile Include="LuuCodeRacHaha\SOBANBE.cpp" />
    <ClCompile Include="LuuCodeRacHaha\SOCHANLE.cpp" />
    <ClCompile Include="LuuCodeRacHaha\SoChinhPhuong.cpp" />
    <ClCompile Include="LuuCodeRacHaha\SoPalindrom.cpp" />
    <ClCompile Include="LuuCodeRacHaha\soxuathiennhieulannhattrongmang.cpp" />
    <ClCompile Include="LuuCodeRacHaha\STACK1.cpp" />
    <ClCompile Include="LuuCodeRacHaha\SV1.cpp" />
    <ClCompile Include="LuuCodeRacHaha\TaiXiu.cpp" />
    <ClCompile Include="LuuCodeRacHaha\TAMGIACSAO2.cpp" />
    <ClCompile Include="LuuCodeRacHaha\TaoEmailSV.cpp" />
    <ClCompile Include="LuuCodeRacHaha\TAPSOMOI.cpp" />
    <ClCompile Include="LuuCodeRacHaha\TEMP_M1C.cpp" />
    <ClCompile Include="LuuCodeRacHaha\Template1.cpp" />
    <ClCompile Include="LuuCodeRacHaha\TEMPLATE1_another.cpp" />
    <ClCompile Include="LuuCodeRacHaha\Template2.cpp" />
    <ClCompile Include="LuuCodeRacHaha\TEMPLATEHCN.cpp" />
    <ClCompile Include="LuuCodeRacHaha\test.cpp" />
    <ClCompile Include="LuuCodeRacHaha\test123.cpp" />
    <ClCompile Include="LuuCodeRacHaha\test-class.cpp" />
    <ClCompile Include="LuuCodeRacHaha\test-class1.cpp" />
    <ClCompile Include="LuuCodeRacHaha\test-class2.cpp" />
    <ClCompile Include="LuuCodeRacHaha\TGIAC.cpp" />
    <ClCompile Include="LuuCodeRacHaha\Tich2SoNguyen.cpp" />
    <ClCompile Include="LuuCodeRacHaha\tiennuoc.cpp" />
    <ClCompile Include="LuuCodeRacHaha\timchu.cpp" />
    <ClCompile Include="LuuCodeRacHaha\TIMMAX3.cpp" />
    <ClCompile Include="LuuCodeRacHaha\Tính tổng.cpp" />
    <ClCompile Include="LuuCodeRacHaha\tinhdiemhoa.cpp" />
    <ClCompile Include="LuuCodeRacHaha\TinhTong.cpp" />
    <ClCompile Include="LuuCodeRacHaha\TINHTONG1.cpp" />
    <ClCompile Include="LuuCodeRacHaha\TinhTong2.cpp" />
    <ClCompile Include="LuuCodeRacHaha\TinhTong3.cpp" />
    <ClCompile Include="LuuCodeRacHaha\tong_1_n_le.cpp" />
    <ClCompile Include="LuuCodeRacHaha\tong1_n.cpp" />
    <ClCompile Include="LuuCodeRacHaha\TONGCHUSO.cpp" />
    <ClCompile Include="LuuCodeRacHaha\TONGCS.cpp" />
    <ClCompile Include="LuuCodeRacHaha\TrucMy10.cpp" />
    <ClCompile Include="LuuCodeRacHaha\TRUNGHAUTO1.cpp" />
    <ClCompile Include="LuuCodeRacHaha\TRUNGHAUTO2.cpp" />
    <ClCompile Include="LuuCodeRacHaha\TT_HT1.cpp" />
    <ClCompile Include="LuuCodeRacHaha\UCLN.cpp" />
    <ClCompile Include="LuuCodeRacHaha\UCLN2.cpp" />
    <ClCompile Include="LuuCodeRacHaha\vector.cpp" />
    <ClCompile Include="LuuCodeRacHaha\vector1.cpp" />
    <ClCompile Include="LuuCodeRacHaha\vector2.cpp" />
    <ClCompile Include="LuuCodeRacHaha\VECTOR3.cpp" />
    <ClCompile Include="LuuCodeRacHaha\Wordd.cpp" />
    <ClCompile Include="LuuCodeRacHaha\xaupagnam.cpp" />
    <ClCompile Include="LuuCodeRacHaha\XEPLOAI.cpp" />
    <ClCompile Include="LuuCodeRacHaha\xoa_vector.cpp" />
    <ClCompile Include="LuuCodeRacHaha\XUATDIEM.cpp" />
    <ClCompile Include="LuuCodeRacHaha\XUATSNT.cpp" />
    <ClCompile Include="LuyenTapLapTrinhHuongDoiTuong\DATHUC.cpp" />
    <ClCompile Include="LuyenTapLapTrinhHuongDoiTuong\PhanSo2.cpp" />
    <ClCompile Include="LuyenTapLapTrinhHuongDoiTuong\QTaiMang.cpp" />
    <ClCompile Include="LuyenTapLapTrinhHuongDoiTuong\QTaiMang2.cpp" />
    <ClCompile Include="LuyenTapLapTrinhHuongDoiTuong\QTaiPSo.cpp" />
    <ClCompile Include="LuyenTapLapTrinhHuongDoiTuong\TGIAC.cpp" />
    <ClCompile Include="OnTapThiHK2_LapTrinh_FULL\DAHINH1.cpp" />
    <ClCompile Include="OnTapThiHK2_LapTrinh_FULL\DATHUC_class.cpp" />
    <ClCompile Include="OnTapThiHK2_LapTrinh_FULL\DATHUC_struct.cpp" />
    <ClCompile Include="OnTapThiHK2_LapTrinh_FULL\FSTREAM1.cpp" />
    <ClCompile Include="OnTapThiHK2_LapTrinh_FULL\GAMCO.cpp" />
    <ClCompile Include="OnTapThiHK2_LapTrinh_FULL\HCNHV.cpp" />
    <ClCompile Include="OnTapThiHK2_LapTrinh_FULL\LOPSV.cpp" />
    <ClCompile Include="OnTapThiHK2_LapTrinh_FULL\LTHDT_HonSo1.cpp" />
    <ClCompile Include="OnTapThiHK2_LapTrinh_FULL\LTHDT_HonSo2.cpp" />
    <ClCompile Include="OnTapThiHK2_LapTrinh_FULL\ONTAP.cpp" />
    <ClCompile Include="OnTapThiHK2_LapTrinh_FULL\PSOHONSO.cpp" />
    <ClCompile Include="OnTapThiHK2_LapTrinh_FULL\QLINTERNET.cpp" />
    <ClCompile Include="OnTapThiHK2_LapTrinh_FULL\QTaiMang_class.cpp" />
    <ClCompile Include="OnTapThiHK2_LapTrinh_FULL\QTaiMang_struct.cpp" />
    <ClCompile Include="OnTapThiHK2_LapTrinh_FULL\QTaiPSo_class.cpp" />
    <ClCompile Include="OnTapThiHK2_LapTrinh_FULL\QTaiPSo_struct.cpp" />
    <ClCompile Include="OnTapThiHK2_LapTrinh_FULL\ROBOT4.cpp" />
    <ClCompile Include="OnTapThiHK2_LapTrinh_FULL\TGIAC_class.cpp" />
    <ClCompile Include="OnTapThiHK2_LapTrinh_FULL\TGIAC_struct.cpp" />
    <ClCompile Include="ThuatToan\HeapSort.cpp" />
    <ClCompile Include="ThuatToan\ThuatToanBinarySearchstyleHCMUE.cpp" />
    <ClCompile Include="ThuatToan\ThuatToanInsertionSort.cpp" />
    <ClCompile Include="ThuatToan\ThuatToanInterchangeShort.cpp" />
    <ClCompile Include="ThuatToan\ThuatToanLinearstyleHCMUE.cpp" />
    <ClCompile Include="ThuNghiemDeQuy\ThuNghiemLyThuyetDoThi\bfs.cpp" />
    <ClCompile Include="ThuNghiemDeQuy\ThuNghiemLyThuyetDoThi\dfs_dequy.cpp" />
    <ClCompile Include="ThuNghiemDeQuy\ThuNghiemLyThuyetDoThi\dfs_khongdequy.cpp" />
    <ClCompile Include="ThuNghiemDeQuy\ThuNghiemLyThuyetDoThi\Dijkstra_Algorithm.cpp" />
    <ClCompile Include="ThuNghiemDeQuy\ThuNghiemLyThuyetDoThi\HANA.cpp" />
    <ClCompile Include="ThuNghiemDeQuy\ThuNghiemLyThuyetDoThi\Kosaraju_Algorithm.cpp" />
    <ClCompile Include="ThuNghiemDeQuy\ThuNghiemLyThuyetDoThi\MADITUAN.cpp" />
    <ClCompile Include="ThuNghiemDeQuy\ThuNghiemLyThuyetDoThi\OCSE.cpp" />
    <ClCompile Include="ThuNghiemDeQuy\ThuNghiemLyThuyetDoThi\pre_post_time_visited_dfs.cpp" />
    <ClCompile Include="ThuNghiemDeQuy\ThuNghiemLyThuyetDoThi\test.cpp" />
    <ClCompile Include="ThuNghiemDeQuy\ThuNghiemLyThuyetDoThi\TIMCHU.cpp" />
    <ClCompile Include="ThuNghiemDeQuy\ThuNghiemLyThuyetDoThi\TIMDUONG.cpp" />
    <ClCompile Include="ThuNghiemDeQuy\ChuoiDaoNguoc.cpp" />
    <ClCompile Include="ThuNghiemDeQuy\ChuoiPalindrome(ChuoiDoiXung).cpp" />
    <ClCompile Include="ThuNghiemDeQuy\ChuyenSoThanhNhiPhan.cpp" />
    <ClCompile Include="ThuNghiemDeQuy\congSoTu1DenN.cpp" />
    <ClCompile Include="ThuNghiemDeQuy\demSoLuongChuSo.cpp" />
    <ClCompile Include="ThuNghiemDeQuy\DEQUY2.cpp" />
    <ClCompile Include="ThuNghiemDeQuy\DEQUY3.cpp" />
    <ClCompile Include="ThuNghiemDeQuy\DEQUY4.cpp" />
    <ClCompile Include="ThuNghiemDeQuy\DEQUY5.cpp" />
    <ClCompile Include="ThuNghiemDeQuy\DEQUY6.cpp" />
    <ClCompile Include="ThuNghiemDeQuy\DEQUY7.cpp" />
    <ClCompile Include="ThuNghiemDeQuy\DEQUY8.cpp" />
    <ClCompile Include="ThuNghiemDeQuy\DEQUY9.cpp" />
    <ClCompile Include="ThuNghiemDeQuy\GiaiThua.cpp" />
    <ClCompile Include="ThuNghiemDeQuy\Hexa.cpp" />
    <ClCompile Include="ThuNghiemDeQuy\LayChuSoDauTienCuaSoN.cpp" />
    <ClCompile Include="ThuNghiemDeQuy\LuyThua.cpp" />
    <ClCompile Include="ThuNghiemDeQuy\MergeSort.cpp" />
    <ClCompile Include="ThuNghiemDeQuy\ROBOT.cpp" />
    <ClCompile Include="ThuNghiemDeQuy\SoDaoNguoc.cpp" />
    <ClCompile Include="ThuNghiemDeQuy\TIMCHU.cpp" />
    <ClCompile Include="ThuNghiemDeQuy\TimKiemNhiPhan.cpp" />
    <ClCompile Include="ThuNghiemDeQuy\timMaxTrongSoN.cpp" />
    <ClCompile Include="ThuNghiemDeQuy\TimSoFibonacciThuN.cpp" />
    <ClCompile Include="ThuNghiemDeQuy\TinhTongCacPhanTuMang.cpp" />
    <ClCompile Include="ThuNghiemDeQuy\UCLN.cpp" />
    <ClCompile Include="CTDL\Chuong2\C2_B1.cpp" />
    <ClCompile Include="CTDL\Chuong2\C2_B2.cpp" />
    <ClCompile Include="CTDL\Chuong2\C2_B3.cpp" />
    <ClCompile Include="CTDL\Chuong2\C2_B4.cpp" />
    <ClCompile Include="CTDL\Chuong2\quicksort.cpp" />
    <ClCompile Include="CTDL\Chuong2\C2_B5.cpp" />
    <ClCompile Include="LTDT\Djisktra.cpp" />
  </ItemGroup>
  <ItemGroup>
    <Text Include="LTDT\DOTHI.txt" />
  </ItemGroup>
</Project>